<?xml version="1.0" encoding="utf-8"?>
<Project ToolsVersion="4.0" xmlns="http://schemas.microsoft.com/developer/msbuild/2003">
  <ItemGroup>
    <Filter Include="源文件">
      <UniqueIdentifier>{4FC737F1-C7A5-4376-A066-2A32D752A2FF}</UniqueIdentifier>
      <Extensions>cpp;c;cc;cxx;def;odl;idl;hpj;bat;asm;asmx</Extensions>
    </Filter>
    <Filter Include="头文件">
      <UniqueIdentifier>{93995380-89BD-4b04-88EB-625FBE52EBFB}</UniqueIdentifier>
      <Extensions>h;hh;hpp;hxx;hm;inl;inc;ipp;xsd</Extensions>
    </Filter>
    <Filter Include="资源文件">
      <UniqueIdentifier>{67DA6AB6-F800-4c08-8B7A-83BB121AAD01}</UniqueIdentifier>
      <Extensions>rc;ico;cur;bmp;dlg;rc2;rct;bin;rgs;gif;jpg;jpeg;jpe;resx;tiff;tif;png;wav;mfcribbon-ms</Extensions>
    </Filter>
  </ItemGroup>
  <ItemGroup>
    <ClInclude Include="..\Source\BoxCollider.h">
      <Filter>头文件</Filter>
    </ClInclude>
    <ClInclude Include="..\Source\CapsuleCollider.h">
      <Filter>头文件</Filter>
    </ClInclude>
    <ClInclude Include="..\Source\CapsuleController.h">
      <Filter>头文件</Filter>
    </ClInclude>
    <ClInclude Include="..\Source\Collider.h">
      <Filter>头文件</Filter>
    </ClInclude>
    <ClInclude Include="..\Source\ColliderBase.h">
      <Filter>头文件</Filter>
    </ClInclude>
    <ClInclude Include="..\Source\Common.h">
      <Filter>头文件</Filter>
    </ClInclude>
    <ClInclude Include="..\Source\ControllerFilterCallback.h">
      <Filter>头文件</Filter>
    </ClInclude>
    <ClInclude Include="..\Source\LayerFilterCallback.h">
      <Filter>头文件</Filter>
    </ClInclude>
    <ClInclude Include="..\Source\MeshCollider.h">
      <Filter>头文件</Filter>
    </ClInclude>
    <ClInclude Include="..\Source\PhysXDLL.h">
      <Filter>头文件</Filter>
    </ClInclude>
    <ClInclude Include="..\Source\RaycastCallback.h">
      <Filter>头文件</Filter>
    </ClInclude>
    <ClInclude Include="..\Source\SceneQuerier.h">
      <Filter>头文件</Filter>
    </ClInclude>
    <ClInclude Include="..\Source\SphereCollider.h">
      <Filter>头文件</Filter>
    </ClInclude>
    <ClInclude Include="..\Source\stdafx.h">
      <Filter>头文件</Filter>
    </ClInclude>
    <ClInclude Include="..\Source\SweepCastCallback.h">
      <Filter>头文件</Filter>
    </ClInclude>
    <ClInclude Include="..\Source\UserErrorCallback.h">
      <Filter>头文件</Filter>
    </ClInclude>
    <ClInclude Include="..\Source\PhysicsManager.h">
      <Filter>头文件</Filter>
    </ClInclude>
    <ClInclude Include="..\Source\UserAssertHandler.h">
      <Filter>头文件</Filter>
    </ClInclude>
    <ClInclude Include="..\Source\QueryFilterCallback.h">
      <Filter>头文件</Filter>
    </ClInclude>
    <ClInclude Include="..\Source\UserControllerHitReportCallback.h">
      <Filter>头文件</Filter>
    </ClInclude>
  </ItemGroup>
  <ItemGroup>
    <ClCompile Include="..\Source\BoxCollider.cpp">
      <Filter>源文件</Filter>
    </ClCompile>
    <ClCompile Include="..\Source\CapsuleCollider.cpp">
      <Filter>源文件</Filter>
    </ClCompile>
    <ClCompile Include="..\Source\CapsuleController.cpp">
      <Filter>源文件</Filter>
    </ClCompile>
    <ClCompile Include="..\Source\Collider.cpp">
      <Filter>源文件</Filter>
    </ClCompile>
    <ClCompile Include="..\Source\ColliderBase.cpp">
      <Filter>源文件</Filter>
    </ClCompile>
    <ClCompile Include="..\Source\Common.cpp">
      <Filter>源文件</Filter>
    </ClCompile>
    <ClCompile Include="..\Source\ControllerFilterCallback.cpp">
      <Filter>源文件</Filter>
    </ClCompile>
    <ClCompile Include="..\Source\LayerFilterCallback.cpp">
      <Filter>源文件</Filter>
    </ClCompile>
    <ClCompile Include="..\Source\MeshCollider.cpp">
      <Filter>源文件</Filter>
    </ClCompile>
    <ClCompile Include="..\Source\PhysXDll.cpp">
      <Filter>源文件</Filter>
    </ClCompile>
    <ClCompile Include="..\Source\RaycastCallback.cpp">
      <Filter>源文件</Filter>
    </ClCompile>
    <ClCompile Include="..\Source\SceneQuerier.cpp">
      <Filter>源文件</Filter>
    </ClCompile>
    <ClCompile Include="..\Source\SphereCollider.cpp">
      <Filter>源文件</Filter>
    </ClCompile>
    <ClCompile Include="..\Source\SweepCastCallback.cpp">
      <Filter>源文件</Filter>
    </ClCompile>
    <ClCompile Include="..\Source\UserErrorCallback.cpp">
      <Filter>源文件</Filter>
    </ClCompile>
    <ClCompile Include="..\Source\PhysicsManager.cpp">
      <Filter>源文件</Filter>
    </ClCompile>
    <ClCompile Include="..\Source\UserAssertHandler.cpp">
      <Filter>源文件</Filter>
    </ClCompile>
    <ClCompile Include="..\Source\QueryFilterCallback.cpp">
      <Filter>源文件</Filter>
    </ClCompile>
    <ClCompile Include="..\Source\UserControllerHitReportCallback.cpp">
      <Filter>源文件</Filter>
    </ClCompile>
  </ItemGroup>
</Project>